
Microsoft Visual Studio Solution File, Format Version 12.00
# Visual Studio Version 17
VisualStudioVersion = 17.11.35208.52
MinimumVisualStudioVersion = 10.0.40219.1
Project("{FAE04EC0-301F-11D3-BF4B-00C04F79EFBC}") = "CoffeeBooster", "CoffeeBooster\CoffeeBooster.csproj", "{ADCBB669-6FF2-43DB-B365-75239AC7A1A8}"
EndProject
Global
	GlobalSection(SolutionConfigurationPlatforms) = preSolution
		Debug|Any CPU = Debug|Any CPU
		Release|Any CPU = Release|Any CPU
	EndGlobalSection
	GlobalSection(ProjectConfigurationPlatforms) = postSolution
		{ADCBB669-6FF2-43DB-B365-75239AC7A1A8}.Debug|Any CPU.ActiveCfg = Debug|Any CPU
		{ADCBB669-6FF2-43DB-B365-75239AC7A1A8}.Debug|Any CPU.Build.0 = Debug|Any CPU
		{ADCBB669-6FF2-43DB-B365-75239AC7A1A8}.Release|Any CPU.ActiveCfg = Release|Any CPU
		{ADCBB669-6FF2-43DB-B365-75239AC7A1A8}.Release|Any CPU.Build.0 = Release|Any CPU
	EndGlobalSection
	GlobalSection(SolutionProperties) = preSolution
		HideSolutionNode = FALSE
	EndGlobalSection
	GlobalSection(ExtensibilityGlobals) = postSolution
		SolutionGuid = {4622335E-2D99-4CFD-B817-B22A6B6280A8}
	EndGlobalSection
EndGlobal
